<?xml version="1.0" encoding="utf-8"?>
<Project ToolsVersion="4.0" xmlns="http://schemas.microsoft.com/developer/msbuild/2003">
  <ItemGroup>
    <ClInclude Include="source\platform\com.hpp" />
    <ClInclude Include="source\platform\platform.hpp" />
    <ClInclude Include="source\platform\window_windows.hpp" />
    <ClInclude Include="source\assert.hpp" />
    <ClInclude Include="source\callback.hpp" />
    <ClInclude Include="source\concurrent_queue.hpp" />
    <ClInclude Include="source\config.hpp" />
    <ClInclude Include="source\ime.hpp" />
    <ClInclude Include="source\pch.hpp" />
    <ClInclude Include="source\scope_exit.hpp" />
    <ClInclude Include="source\types.hpp" />
    <ClInclude Include="source\window.hpp" />
    <ClInclude Include="source\platform\ime_windows.hpp" />
    <ClInclude Include="source\exception.hpp" />
    <ClInclude Include="source\platform\platform_windows.hpp" />
    <ClInclude Include="source\math.hpp" />
    <ClInclude Include="source\game\tile_data.hpp" />
    <ClInclude Include="source\game\grid2d.hpp" />
    <ClInclude Include="source\game\room.hpp" />
    <ClInclude Include="source\algorithms.hpp" />
    <ClInclude Include="source\platform\direct2d.hpp" />
    <ClInclude Include="source\timekeeper.hpp" />
    <ClInclude Include="source\languages.hpp" />
  </ItemGroup>
  <ItemGroup>
    <ClCompile Include="source\platform\window_windows.cpp" />
    <ClCompile Include="source\ime.cpp" />
    <ClCompile Include="source\main.cpp" />
    <ClCompile Include="source\pch.cpp" />
    <ClCompile Include="source\window.cpp" />
    <ClCompile Include="tests\test_math.cpp" />
    <ClCompile Include="tests\test_grid2d.cpp" />
    <ClCompile Include="source\game\room.cpp" />
    <ClCompile Include="source\platform\direct2d.cpp" />
    <ClCompile Include="source\timekeeper.cpp" />
    <ClCompile Include="source\languages.cpp" />
  </ItemGroup>
  <ItemGroup>
    <None Include="README" />
  </ItemGroup>
</Project>