<?xml version="1.0" encoding="utf-8"?>
<Project ToolsVersion="4.0" xmlns="http://schemas.microsoft.com/developer/msbuild/2003">
  <ItemGroup>
    <ClInclude Include="source\platform\com.hpp" />
    <ClInclude Include="source\platform\platform.hpp" />
    <ClInclude Include="source\platform\window_windows.hpp" />
    <ClInclude Include="source\assert.hpp" />
    <ClInclude Include="source\callback.hpp" />
    <ClInclude Include="source\concurrent_queue.hpp" />
    <ClInclude Include="source\config.hpp" />
    <ClInclude Include="source\ime.hpp" />
    <ClInclude Include="source\pch.hpp" />
    <ClInclude Include="source\scope_exit.hpp" />
    <ClInclude Include="source\types.hpp" />
    <ClInclude Include="source\window.hpp" />
    <ClInclude Include="source\platform\ime_windows.hpp" />
  </ItemGroup>
  <ItemGroup>
    <ClCompile Include="source\platform\window_windows.cpp" />
    <ClCompile Include="source\ime.cpp" />
    <ClCompile Include="source\main.cpp" />
    <ClCompile Include="source\pch.cpp" />
    <ClCompile Include="source\window.cpp" />
  </ItemGroup>
</Project>